
Microsoft Visual Studio Solution File, Format Version 12.00
Project("{FAE04EC0-301F-11D3-BF4B-00C04F79EFBC}") = "WebGUI", "WebGUI\WebGUI.csproj", "{D1206652-7285-4E3D-9AC2-84ECED0245D2}"
EndProject
Project("{FAE04EC0-301F-11D3-BF4B-00C04F79EFBC}") = "Model", "Model\Model.csproj", "{872043D5-9E47-4099-9847-9323DA103841}"
EndProject
Project("{FAE04EC0-301F-11D3-BF4B-00C04F79EFBC}") = "Domain", "Domain\Domain.csproj", "{EF2C0C4A-80C0-4CAE-A13D-803A746CF75D}"
EndProject
Global
	GlobalSection(SolutionConfigurationPlatforms) = preSolution
		Debug|Any CPU = Debug|Any CPU
		Release|Any CPU = Release|Any CPU
	EndGlobalSection
	GlobalSection(ProjectConfigurationPlatforms) = postSolution
		{D1206652-7285-4E3D-9AC2-84ECED0245D2}.Debug|Any CPU.ActiveCfg = Debug|Any CPU
		{D1206652-7285-4E3D-9AC2-84ECED0245D2}.Debug|Any CPU.Build.0 = Debug|Any CPU
		{D1206652-7285-4E3D-9AC2-84ECED0245D2}.Release|Any CPU.ActiveCfg = Release|Any CPU
		{D1206652-7285-4E3D-9AC2-84ECED0245D2}.Release|Any CPU.Build.0 = Release|Any CPU
		{872043D5-9E47-4099-9847-9323DA103841}.Debug|Any CPU.ActiveCfg = Debug|Any CPU
		{872043D5-9E47-4099-9847-9323DA103841}.Debug|Any CPU.Build.0 = Debug|Any CPU
		{872043D5-9E47-4099-9847-9323DA103841}.Release|Any CPU.ActiveCfg = Release|Any CPU
		{872043D5-9E47-4099-9847-9323DA103841}.Release|Any CPU.Build.0 = Release|Any CPU
		{EF2C0C4A-80C0-4CAE-A13D-803A746CF75D}.Debug|Any CPU.ActiveCfg = Debug|Any CPU
		{EF2C0C4A-80C0-4CAE-A13D-803A746CF75D}.Debug|Any CPU.Build.0 = Debug|Any CPU
		{EF2C0C4A-80C0-4CAE-A13D-803A746CF75D}.Release|Any CPU.ActiveCfg = Release|Any CPU
		{EF2C0C4A-80C0-4CAE-A13D-803A746CF75D}.Release|Any CPU.Build.0 = Release|Any CPU
	EndGlobalSection
EndGlobal
